// !$*UTF8*$!
{
	archiveVersion = 1;
	classes = {
	};
	objectVersion = 55;
	objects = {

/* Begin PBXBuildFile section */
		FAB3724428568DAA00FB7E72 /* My_Card_AppApp.swift in Sources */ = {isa = PBXBuildFile; fileRef = FAB3724328568DAA00FB7E72 /* My_Card_AppApp.swift */; };
		FAB3724628568DAA00FB7E72 /* ContentView.swift in Sources */ = {isa = PBXBuildFile; fileRef = FAB3724528568DAA00FB7E72 /* ContentView.swift */; };
		FAB3724828568DAC00FB7E72 /* Assets.xcassets in Resources */ = {isa = PBXBuildFile; fileRef = FAB3724728568DAC00FB7E72 /* Assets.xcassets */; };
		FAB3724B28568DAC00FB7E72 /* Preview Assets.xcassets in Resources */ = {isa = PBXBuildFile; fileRef = FAB3724A28568DAC00FB7E72 /* Preview Assets.xcassets */; };
		FAB3725528568DAC00FB7E72 /* My_Card_AppTests.swift in Sources */ = {isa = PBXBuildFile; fileRef = FAB3725428568DAC00FB7E72 /* My_Card_AppTests.swift */; };
		FAB3725F28568DAC00FB7E72 /* My_Card_AppUITests.swift in Sources */ = {isa = PBXBuildFile; fileRef = FAB3725E28568DAC00FB7E72 /* My_Card_AppUITests.swift */; };
		FAB3726128568DAC00FB7E72 /* My_Card_AppUITestsLaunchTests.swift in Sources */ = {isa = PBXBuildFile; fileRef = FAB3726028568DAC00FB7E72 /* My_Card_AppUITestsLaunchTests.swift */; };
/* End PBXBuildFile section */

/* Begin PBXContainerItemProxy section */
		FAB3725128568DAC00FB7E72 /* PBXContainerItemProxy */ = {
			isa = PBXContainerItemProxy;
			containerPortal = FAB3723828568DAA00FB7E72 /* Project object */;
			proxyType = 1;
			remoteGlobalIDString = FAB3723F28568DAA00FB7E72;
			remoteInfo = "My Card App";
		};
		FAB3725B28568DAC00FB7E72 /* PBXContainerItemProxy */ = {
			isa = PBXContainerItemProxy;
			containerPortal = FAB3723828568DAA00FB7E72 /* Project object */;
			proxyType = 1;
			remoteGlobalIDString = FAB3723F28568DAA00FB7E72;
			remoteInfo = "My Card App";
		};
/* End PBXContainerItemProxy section */

/* Begin PBXFileReference section */
		FAB3724028568DAA00FB7E72 /* My Card App.app */ = {isa = PBXFileReference; explicitFileType = wrapper.application; includeInIndex = 0; path = "My Card App.app"; sourceTree = BUILT_PRODUCTS_DIR; };
		FAB3724328568DAA00FB7E72 /* My_Card_AppApp.swift */ = {isa = PBXFileReference; lastKnownFileType = sourcecode.swift; path = My_Card_AppApp.swift; sourceTree = "<group>"; };
		FAB3724528568DAA00FB7E72 /* ContentView.swift */ = {isa = PBXFileReference; lastKnownFileType = sourcecode.swift; path = ContentView.swift; sourceTree = "<group>"; };
		FAB3724728568DAC00FB7E72 /* Assets.xcassets */ = {isa = PBXFileReference; lastKnownFileType = folder.assetcatalog; path = Assets.xcassets; sourceTree = "<group>"; };
		FAB3724A28568DAC00FB7E72 /* Preview Assets.xcassets */ = {isa = PBXFileReference; lastKnownFileType = folder.assetcatalog; path = "Preview Assets.xcassets"; sourceTree = "<group>"; };
		FAB3725028568DAC00FB7E72 /* My Card AppTests.xctest */ = {isa = PBXFileReference; explicitFileType = wrapper.cfbundle; includeInIndex = 0; path = "My Card AppTests.xctest"; sourceTree = BUILT_PRODUCTS_DIR; };
		FAB3725428568DAC00FB7E72 /* My_Card_AppTests.swift */ = {isa = PBXFileReference; lastKnownFileType = sourcecode.swift; path = My_Card_AppTests.swift; sourceTree = "<group>"; };
		FAB3725A28568DAC00FB7E72 /* My Card AppUITests.xctest */ = {isa = PBXFileReference; explicitFileType = wrapper.cfbundle; includeInIndex = 0; path = "My Card AppUITests.xctest"; sourceTree = BUILT_PRODUCTS_DIR; };
		FAB3725E28568DAC00FB7E72 /* My_Card_AppUITests.swift */ = {isa = PBXFileReference; lastKnownFileType = sourcecode.swift; path = My_Card_AppUITests.swift; sourceTree = "<group>"; };
		FAB3726028568DAC00FB7E72 /* My_Card_AppUITestsLaunchTests.swift */ = {isa = PBXFileReference; lastKnownFileType = sourcecode.swift; path = My_Card_AppUITestsLaunchTests.swift; sourceTree = "<group>"; };
/* End PBXFileReference section */

/* Begin PBXFrameworksBuildPhase section */
		FAB3723D28568DAA00FB7E72 /* Frameworks */ = {
			isa = PBXFrameworksBuildPhase;
			buildActionMask = 2147483647;
			files = (
			);
			runOnlyForDeploymentPostprocessing = 0;
		};
		FAB3724D28568DAC00FB7E72 /* Frameworks */ = {
			isa = PBXFrameworksBuildPhase;
			buildActionMask = 2147483647;
			files = (
			);
			runOnlyForDeploymentPostprocessing = 0;
		};
		FAB3725728568DAC00FB7E72 /* Frameworks */ = {
			isa = PBXFrameworksBuildPhase;
			buildActionMask = 2147483647;
			files = (
			);
			runOnlyForDeploymentPostprocessing = 0;
		};
/* End PBXFrameworksBuildPhase section */

/* Begin PBXGroup section */
		FAB3723728568DAA00FB7E72 = {
			isa = PBXGroup;
			children = (
				FAB3724228568DAA00FB7E72 /* My Card App */,
				FAB3725328568DAC00FB7E72 /* My Card AppTests */,
				FAB3725D28568DAC00FB7E72 /* My Card AppUITests */,
				FAB3724128568DAA00FB7E72 /* Products */,
			);
			sourceTree = "<group>";
		};
		FAB3724128568DAA00FB7E72 /* Products */ = {
			isa = PBXGroup;
			children = (
				FAB3724028568DAA00FB7E72 /* My Card App.app */,
				FAB3725028568DAC00FB7E72 /* My Card AppTests.xctest */,
				FAB3725A28568DAC00FB7E72 /* My Card AppUITests.xctest */,
			);
			name = Products;
			sourceTree = "<group>";
		};
		FAB3724228568DAA00FB7E72 /* My Card App */ = {
			isa = PBXGroup;
			children = (
				FAB3724328568DAA00FB7E72 /* My_Card_AppApp.swift */,
				FAB3724528568DAA00FB7E72 /* ContentView.swift */,
				FAB3724728568DAC00FB7E72 /* Assets.xcassets */,
				FAB3724928568DAC00FB7E72 /* Preview Content */,
			);
			path = "My Card App";
			sourceTree = "<group>";
		};
		FAB3724928568DAC00FB7E72 /* Preview Content */ = {
			isa = PBXGroup;
			children = (
				FAB3724A28568DAC00FB7E72 /* Preview Assets.xcassets */,
			);
			path = "Preview Content";
			sourceTree = "<group>";
		};
		FAB3725328568DAC00FB7E72 /* My Card AppTests */ = {
			isa = PBXGroup;
			children = (
				FAB3725428568DAC00FB7E72 /* My_Card_AppTests.swift */,
			);
			path = "My Card AppTests";
			sourceTree = "<group>";
		};
		FAB3725D28568DAC00FB7E72 /* My Card AppUITests */ = {
			isa = PBXGroup;
			children = (
				FAB3725E28568DAC00FB7E72 /* My_Card_AppUITests.swift */,
				FAB3726028568DAC00FB7E72 /* My_Card_AppUITestsLaunchTests.swift */,
			);
			path = "My Card AppUITests";
			sourceTree = "<group>";
		};
/* End PBXGroup section */

/* Begin PBXNativeTarget section */
		FAB3723F28568DAA00FB7E72 /* My Card App */ = {
			isa = PBXNativeTarget;
			buildConfigurationList = FAB3726428568DAC00FB7E72 /* Build configuration list for PBXNativeTarget "My Card App" */;
			buildPhases = (
				FAB3723C28568DAA00FB7E72 /* Sources */,
				FAB3723D28568DAA00FB7E72 /* Frameworks */,
				FAB3723E28568DAA00FB7E72 /* Resources */,
			);
			buildRules = (
			);
			dependencies = (
			);
			name = "My Card App";
			productName = "My Card App";
			productReference = FAB3724028568DAA00FB7E72 /* My Card App.app */;
			productType = "com.apple.product-type.application";
		};
		FAB3724F28568DAC00FB7E72 /* My Card AppTests */ = {
			isa = PBXNativeTarget;
			buildConfigurationList = FAB3726728568DAC00FB7E72 /* Build configuration list for PBXNativeTarget "My Card AppTests" */;
			buildPhases = (
				FAB3724C28568DAC00FB7E72 /* Sources */,
				FAB3724D28568DAC00FB7E72 /* Frameworks */,
				FAB3724E28568DAC00FB7E72 /* Resources */,
			);
			buildRules = (
			);
			dependencies = (
				FAB3725228568DAC00FB7E72 /* PBXTargetDependency */,
			);
			name = "My Card AppTests";
			productName = "My Card AppTests";
			productReference = FAB3725028568DAC00FB7E72 /* My Card AppTests.xctest */;
			productType = "com.apple.product-type.bundle.unit-test";
		};
		FAB3725928568DAC00FB7E72 /* My Card AppUITests */ = {
			isa = PBXNativeTarget;
			buildConfigurationList = FAB3726A28568DAC00FB7E72 /* Build configuration list for PBXNativeTarget "My Card AppUITests" */;
			buildPhases = (
				FAB3725628568DAC00FB7E72 /* Sources */,
				FAB3725728568DAC00FB7E72 /* Frameworks */,
				FAB3725828568DAC00FB7E72 /* Resources */,
			);
			buildRules = (
			);
			dependencies = (
				FAB3725C28568DAC00FB7E72 /* PBXTargetDependency */,
			);
			name = "My Card AppUITests";
			productName = "My Card AppUITests";
			productReference = FAB3725A28568DAC00FB7E72 /* My Card AppUITests.xctest */;
			productType = "com.apple.product-type.bundle.ui-testing";
		};
/* End PBXNativeTarget section */

/* Begin PBXProject section */
		FAB3723828568DAA00FB7E72 /* Project object */ = {
			isa = PBXProject;
			attributes = {
				BuildIndependentTargetsInParallel = 1;
				LastSwiftUpdateCheck = 1340;
				LastUpgradeCheck = 1340;
				TargetAttributes = {
					FAB3723F28568DAA00FB7E72 = {
						CreatedOnToolsVersion = 13.4.1;
					};
					FAB3724F28568DAC00FB7E72 = {
						CreatedOnToolsVersion = 13.4.1;
						TestTargetID = FAB3723F28568DAA00FB7E72;
					};
					FAB3725928568DAC00FB7E72 = {
						CreatedOnToolsVersion = 13.4.1;
						TestTargetID = FAB3723F28568DAA00FB7E72;
					};
				};
			};
			buildConfigurationList = FAB3723B28568DAA00FB7E72 /* Build configuration list for PBXProject "My Card App" */;
			compatibilityVersion = "Xcode 13.0";
			developmentRegion = en;
			hasScannedForEncodings = 0;
			knownRegions = (
				en,
				Base,
			);
			mainGroup = FAB3723728568DAA00FB7E72;
			productRefGroup = FAB3724128568DAA00FB7E72 /* Products */;
			projectDirPath = "";
			projectRoot = "";
			targets = (
				FAB3723F28568DAA00FB7E72 /* My Card App */,
				FAB3724F28568DAC00FB7E72 /* My Card AppTests */,
				FAB3725928568DAC00FB7E72 /* My Card AppUITests */,
			);
		};
/* End PBXProject section */

/* Begin PBXResourcesBuildPhase section */
		FAB3723E28568DAA00FB7E72 /* Resources */ = {
			isa = PBXResourcesBuildPhase;
			buildActionMask = 2147483647;
			files = (
				FAB3724B28568DAC00FB7E72 /* Preview Assets.xcassets in Resources */,
				FAB3724828568DAC00FB7E72 /* Assets.xcassets in Resources */,
			);
			runOnlyForDeploymentPostprocessing = 0;
		};
		FAB3724E28568DAC00FB7E72 /* Resources */ = {
			isa = PBXResourcesBuildPhase;
			buildActionMask = 2147483647;
			files = (
			);
			runOnlyForDeploymentPostprocessing = 0;
		};
		FAB3725828568DAC00FB7E72 /* Resources */ = {
			isa = PBXResourcesBuildPhase;
			buildActionMask = 2147483647;
			files = (
			);
			runOnlyForDeploymentPostprocessing = 0;
		};
/* End PBXResourcesBuildPhase section */

/* Begin PBXSourcesBuildPhase section */
		FAB3723C28568DAA00FB7E72 /* Sources */ = {
			isa = PBXSourcesBuildPhase;
			buildActionMask = 2147483647;
			files = (
				FAB3724628568DAA00FB7E72 /* ContentView.swift in Sources */,
				FAB3724428568DAA00FB7E72 /* My_Card_AppApp.swift in Sources */,
			);
			runOnlyForDeploymentPostprocessing = 0;
		};
		FAB3724C28568DAC00FB7E72 /* Sources */ = {
			isa = PBXSourcesBuildPhase;
			buildActionMask = 2147483647;
			files = (
				FAB3725528568DAC00FB7E72 /* My_Card_AppTests.swift in Sources */,
			);
			runOnlyForDeploymentPostprocessing = 0;
		};
		FAB3725628568DAC00FB7E72 /* Sources */ = {
			isa = PBXSourcesBuildPhase;
			buildActionMask = 2147483647;
			files = (
				FAB3726128568DAC00FB7E72 /* My_Card_AppUITestsLaunchTests.swift in Sources */,
				FAB3725F28568DAC00FB7E72 /* My_Card_AppUITests.swift in Sources */,
			);
			runOnlyForDeploymentPostprocessing = 0;
		};
/* End PBXSourcesBuildPhase section */

/* Begin PBXTargetDependency section */
		FAB3725228568DAC00FB7E72 /* PBXTargetDependency */ = {
			isa = PBXTargetDependency;
			target = FAB3723F28568DAA00FB7E72 /* My Card App */;
			targetProxy = FAB3725128568DAC00FB7E72 /* PBXContainerItemProxy */;
		};
		FAB3725C28568DAC00FB7E72 /* PBXTargetDependency */ = {
			isa = PBXTargetDependency;
			target = FAB3723F28568DAA00FB7E72 /* My Card App */;
			targetProxy = FAB3725B28568DAC00FB7E72 /* PBXContainerItemProxy */;
		};
/* End PBXTargetDependency section */

/* Begin XCBuildConfiguration section */
		FAB3726228568DAC00FB7E72 /* Debug */ = {
			isa = XCBuildConfiguration;
			buildSettings = {
				ALWAYS_SEARCH_USER_PATHS = NO;
				CLANG_ANALYZER_NONNULL = YES;
				CLANG_ANALYZER_NUMBER_OBJECT_CONVERSION = YES_AGGRESSIVE;
				CLANG_CXX_LANGUAGE_STANDARD = "gnu++17";
				CLANG_ENABLE_MODULES = YES;
				CLANG_ENABLE_OBJC_ARC = YES;
				CLANG_ENABLE_OBJC_WEAK = YES;
				CLANG_WARN_BLOCK_CAPTURE_AUTORELEASING = YES;
				CLANG_WARN_BOOL_CONVERSION = YES;
				CLANG_WARN_COMMA = YES;
				CLANG_WARN_CONSTANT_CONVERSION = YES;
				CLANG_WARN_DEPRECATED_OBJC_IMPLEMENTATIONS = YES;
				CLANG_WARN_DIRECT_OBJC_ISA_USAGE = YES_ERROR;
				CLANG_WARN_DOCUMENTATION_COMMENTS = YES;
				CLANG_WARN_EMPTY_BODY = YES;
				CLANG_WARN_ENUM_CONVERSION = YES;
				CLANG_WARN_INFINITE_RECURSION = YES;
				CLANG_WARN_INT_CONVERSION = YES;
				CLANG_WARN_NON_LITERAL_NULL_CONVERSION = YES;
				CLANG_WARN_OBJC_IMPLICIT_RETAIN_SELF = YES;
				CLANG_WARN_OBJC_LITERAL_CONVERSION = YES;
				CLANG_WARN_OBJC_ROOT_CLASS = YES_ERROR;
				CLANG_WARN_QUOTED_INCLUDE_IN_FRAMEWORK_HEADER = YES;
				CLANG_WARN_RANGE_LOOP_ANALYSIS = YES;
				CLANG_WARN_STRICT_PROTOTYPES = YES;
				CLANG_WARN_SUSPICIOUS_MOVE = YES;
				CLANG_WARN_UNGUARDED_AVAILABILITY = YES_AGGRESSIVE;
				CLANG_WARN_UNREACHABLE_CODE = YES;
				CLANG_WARN__DUPLICATE_METHOD_MATCH = YES;
				COPY_PHASE_STRIP = NO;
				DEBUG_INFORMATION_FORMAT = dwarf;
				ENABLE_STRICT_OBJC_MSGSEND = YES;
				ENABLE_TESTABILITY = YES;
				GCC_C_LANGUAGE_STANDARD = gnu11;
				GCC_DYNAMIC_NO_PIC = NO;
				GCC_NO_COMMON_BLOCKS = YES;
				GCC_OPTIMIZATION_LEVEL = 0;
				GCC_PREPROCESSOR_DEFINITIONS = (
					"DEBUG=1",
					"$(inherited)",
				);
				GCC_WARN_64_TO_32_BIT_CONVERSION = YES;
				GCC_WARN_ABOUT_RETURN_TYPE = YES_ERROR;
				GCC_WARN_UNDECLARED_SELECTOR = YES;
				GCC_WARN_UNINITIALIZED_AUTOS = YES_AGGRESSIVE;
				GCC_WARN_UNUSED_FUNCTION = YES;
				GCC_WARN_UNUSED_VARIABLE = YES;
				IPHONEOS_DEPLOYMENT_TARGET = 15.5;
				MTL_ENABLE_DEBUG_INFO = INCLUDE_SOURCE;
				MTL_FAST_MATH = YES;
				ONLY_ACTIVE_ARCH = YES;
				SDKROOT = iphoneos;
				SWIFT_ACTIVE_COMPILATION_CONDITIONS = DEBUG;
				SWIFT_OPTIMIZATION_LEVEL = "-Onone";
			};
			name = Debug;
		};
		FAB3726328568DAC00FB7E72 /* Release */ = {
			isa = XCBuildConfiguration;
			buildSettings = {
				ALWAYS_SEARCH_USER_PATHS = NO;
				CLANG_ANALYZER_NONNULL = YES;
				CLANG_ANALYZER_NUMBER_OBJECT_CONVERSION = YES_AGGRESSIVE;
				CLANG_CXX_LANGUAGE_STANDARD = "gnu++17";
				CLANG_ENABLE_MODULES = YES;
				CLANG_ENABLE_OBJC_ARC = YES;
				CLANG_ENABLE_OBJC_WEAK = YES;
				CLANG_WARN_BLOCK_CAPTURE_AUTORELEASING = YES;
				CLANG_WARN_BOOL_CONVERSION = YES;
				CLANG_WARN_COMMA = YES;
				CLANG_WARN_CONSTANT_CONVERSION = YES;
				CLANG_WARN_DEPRECATED_OBJC_IMPLEMENTATIONS = YES;
				CLANG_WARN_DIRECT_OBJC_ISA_USAGE = YES_ERROR;
				CLANG_WARN_DOCUMENTATION_COMMENTS = YES;
				CLANG_WARN_EMPTY_BODY = YES;
				CLANG_WARN_ENUM_CONVERSION = YES;
				CLANG_WARN_INFINITE_RECURSION = YES;
				CLANG_WARN_INT_CONVERSION = YES;
				CLANG_WARN_NON_LITERAL_NULL_CONVERSION = YES;
				CLANG_WARN_OBJC_IMPLICIT_RETAIN_SELF = YES;
				CLANG_WARN_OBJC_LITERAL_CONVERSION = YES;
				CLANG_WARN_OBJC_ROOT_CLASS = YES_ERROR;
				CLANG_WARN_QUOTED_INCLUDE_IN_FRAMEWORK_HEADER = YES;
				CLANG_WARN_RANGE_LOOP_ANALYSIS = YES;
				CLANG_WARN_STRICT_PROTOTYPES = YES;
				CLANG_WARN_SUSPICIOUS_MOVE = YES;
				CLANG_WARN_UNGUARDED_AVAILABILITY = YES_AGGRESSIVE;
				CLANG_WARN_UNREACHABLE_CODE = YES;
				CLANG_WARN__DUPLICATE_METHOD_MATCH = YES;
				COPY_PHASE_STRIP = NO;
				DEBUG_INFORMATION_FORMAT = "dwarf-with-dsym";
				ENABLE_NS_ASSERTIONS = NO;
				ENABLE_STRICT_OBJC_MSGSEND = YES;
				GCC_C_LANGUAGE_STANDARD = gnu11;
				GCC_NO_COMMON_BLOCKS = YES;
				GCC_WARN_64_TO_32_BIT_CONVERSION = YES;
				GCC_WARN_ABOUT_RETURN_TYPE = YES_ERROR;
				GCC_WARN_UNDECLARED_SELECTOR = YES;
				GCC_WARN_UNINITIALIZED_AUTOS = YES_AGGRESSIVE;
				GCC_WARN_UNUSED_FUNCTION = YES;
				GCC_WARN_UNUSED_VARIABLE = YES;
				IPHONEOS_DEPLOYMENT_TARGET = 15.5;
				MTL_ENABLE_DEBUG_INFO = NO;
				MTL_FAST_MATH = YES;
				SDKROOT = iphoneos;
				SWIFT_COMPILATION_MODE = wholemodule;
				SWIFT_OPTIMIZATION_LEVEL = "-O";
				VALIDATE_PRODUCT = YES;
			};
			name = Release;
		};
		FAB3726528568DAC00FB7E72 /* Debug */ = {
			isa = XCBuildConfiguration;
			buildSettings = {
				ASSETCATALOG_COMPILER_GLOBAL_ACCENT_COLOR_NAME = AccentColor;
				CODE_SIGN_STYLE = Automatic;
				CURRENT_PROJECT_VERSION = 1;
				DEVELOPMENT_ASSET_PATHS = "\"My Card App/Preview Content\"";
				ENABLE_PREVIEWS = YES;
				GENERATE_INFOPLIST_FILE = YES;
				INFOPLIST_KEY_UIApplicationSceneManifest_Generation = YES;
				INFOPLIST_KEY_UIApplicationSupportsIndirectInputEvents = YES;
				INFOPLIST_KEY_UILaunchScreen_Generation = YES;
				INFOPLIST_KEY_UISupportedInterfaceOrientations_iPad = "UIInterfaceOrientationPortrait UIInterfaceOrientationPortraitUpsideDown UIInterfaceOrientationLandscapeLeft UIInterfaceOrientationLandscapeRight";
				INFOPLIST_KEY_UISupportedInterfaceOrientations_iPhone = "UIInterfaceOrientationPortrait UIInterfaceOrientationLandscapeLeft UIInterfaceOrientationLandscapeRight";
				LD_RUNPATH_SEARCH_PATHS = (
					"$(inherited)",
					"@executable_path/Frameworks",
				);
				MARKETING_VERSION = 1.0;
				PRODUCT_BUNDLE_IDENTIFIER = "com.allaber.My-Card-App";
				PRODUCT_NAME = "$(TARGET_NAME)";
				SWIFT_EMIT_LOC_STRINGS = YES;
				SWIFT_VERSION = 5.0;
				TARGETED_DEVICE_FAMILY = "1,2";
			};
			name = Debug;
		};
		FAB3726628568DAC00FB7E72 /* Release */ = {
			isa = XCBuildConfiguration;
			buildSettings = {
				ASSETCATALOG_COMPILER_GLOBAL_ACCENT_COLOR_NAME = AccentColor;
				CODE_SIGN_STYLE = Automatic;
				CURRENT_PROJECT_VERSION = 1;
				DEVELOPMENT_ASSET_PATHS = "\"My Card App/Preview Content\"";
				ENABLE_PREVIEWS = YES;
				GENERATE_INFOPLIST_FILE = YES;
				INFOPLIST_KEY_UIApplicationSceneManifest_Generation = YES;
				INFOPLIST_KEY_UIApplicationSupportsIndirectInputEvents = YES;
				INFOPLIST_KEY_UILaunchScreen_Generation = YES;
				INFOPLIST_KEY_UISupportedInterfaceOrientations_iPad = "UIInterfaceOrientationPortrait UIInterfaceOrientationPortraitUpsideDown UIInterfaceOrientationLandscapeLeft UIInterfaceOrientationLandscapeRight";
				INFOPLIST_KEY_UISupportedInterfaceOrientations_iPhone = "UIInterfaceOrientationPortrait UIInterfaceOrientationLandscapeLeft UIInterfaceOrientationLandscapeRight";
				LD_RUNPATH_SEARCH_PATHS = (
					"$(inherited)",
					"@executable_path/Frameworks",
				);
				MARKETING_VERSION = 1.0;
				PRODUCT_BUNDLE_IDENTIFIER = "com.allaber.My-Card-App";
				PRODUCT_NAME = "$(TARGET_NAME)";
				SWIFT_EMIT_LOC_STRINGS = YES;
				SWIFT_VERSION = 5.0;
				TARGETED_DEVICE_FAMILY = "1,2";
			};
			name = Release;
		};
		FAB3726828568DAC00FB7E72 /* Debug */ = {
			isa = XCBuildConfiguration;
			buildSettings = {
				ALWAYS_EMBED_SWIFT_STANDARD_LIBRARIES = YES;
				BUNDLE_LOADER = "$(TEST_HOST)";
				CODE_SIGN_STYLE = Automatic;
				CURRENT_PROJECT_VERSION = 1;
				GENERATE_INFOPLIST_FILE = YES;
				IPHONEOS_DEPLOYMENT_TARGET = 15.5;
				MARKETING_VERSION = 1.0;
				PRODUCT_BUNDLE_IDENTIFIER = "com.allaber.My-Card-AppTests";
				PRODUCT_NAME = "$(TARGET_NAME)";
				SWIFT_EMIT_LOC_STRINGS = NO;
				SWIFT_VERSION = 5.0;
				TARGETED_DEVICE_FAMILY = "1,2";
				TEST_HOST = "$(BUILT_PRODUCTS_DIR)/My Card App.app/My Card App";
			};
			name = Debug;
		};
		FAB3726928568DAC00FB7E72 /* Release */ = {
			isa = XCBuildConfiguration;
			buildSettings = {
				ALWAYS_EMBED_SWIFT_STANDARD_LIBRARIES = YES;
				BUNDLE_LOADER = "$(TEST_HOST)";
				CODE_SIGN_STYLE = Automatic;
				CURRENT_PROJECT_VERSION = 1;
				GENERATE_INFOPLIST_FILE = YES;
				IPHONEOS_DEPLOYMENT_TARGET = 15.5;
				MARKETING_VERSION = 1.0;
				PRODUCT_BUNDLE_IDENTIFIER = "com.allaber.My-Card-AppTests";
				PRODUCT_NAME = "$(TARGET_NAME)";
				SWIFT_EMIT_LOC_STRINGS = NO;
				SWIFT_VERSION = 5.0;
				TARGETED_DEVICE_FAMILY = "1,2";
				TEST_HOST = "$(BUILT_PRODUCTS_DIR)/My Card App.app/My Card App";
			};
			name = Release;
		};
		FAB3726B28568DAC00FB7E72 /* Debug */ = {
			isa = XCBuildConfiguration;
			buildSettings = {
				ALWAYS_EMBED_SWIFT_STANDARD_LIBRARIES = YES;
				CODE_SIGN_STYLE = Automatic;
				CURRENT_PROJECT_VERSION = 1;
				GENERATE_INFOPLIST_FILE = YES;
				MARKETING_VERSION = 1.0;
				PRODUCT_BUNDLE_IDENTIFIER = "com.allaber.My-Card-AppUITests";
				PRODUCT_NAME = "$(TARGET_NAME)";
				SWIFT_EMIT_LOC_STRINGS = NO;
				SWIFT_VERSION = 5.0;
				TARGETED_DEVICE_FAMILY = "1,2";
				TEST_TARGET_NAME = "My Card App";
			};
			name = Debug;
		};
		FAB3726C28568DAC00FB7E72 /* Release */ = {
			isa = XCBuildConfiguration;
			buildSettings = {
				ALWAYS_EMBED_SWIFT_STANDARD_LIBRARIES = YES;
				CODE_SIGN_STYLE = Automatic;
				CURRENT_PROJECT_VERSION = 1;
				GENERATE_INFOPLIST_FILE = YES;
				MARKETING_VERSION = 1.0;
				PRODUCT_BUNDLE_IDENTIFIER = "com.allaber.My-Card-AppUITests";
				PRODUCT_NAME = "$(TARGET_NAME)";
				SWIFT_EMIT_LOC_STRINGS = NO;
				SWIFT_VERSION = 5.0;
				TARGETED_DEVICE_FAMILY = "1,2";
				TEST_TARGET_NAME = "My Card App";
			};
			name = Release;
		};
/* End XCBuildConfiguration section */

/* Begin XCConfigurationList section */
		FAB3723B28568DAA00FB7E72 /* Build configuration list for PBXProject "My Card App" */ = {
			isa = XCConfigurationList;
			buildConfigurations = (
				FAB3726228568DAC00FB7E72 /* Debug */,
				FAB3726328568DAC00FB7E72 /* Release */,
			);
			defaultConfigurationIsVisible = 0;
			defaultConfigurationName = Release;
		};
		FAB3726428568DAC00FB7E72 /* Build configuration list for PBXNativeTarget "My Card App" */ = {
			isa = XCConfigurationList;
			buildConfigurations = (
				FAB3726528568DAC00FB7E72 /* Debug */,
				FAB3726628568DAC00FB7E72 /* Release */,
			);
			defaultConfigurationIsVisible = 0;
			defaultConfigurationName = Release;
		};
		FAB3726728568DAC00FB7E72 /* Build configuration list for PBXNativeTarget "My Card AppTests" */ = {
			isa = XCConfigurationList;
			buildConfigurations = (
				FAB3726828568DAC00FB7E72 /* Debug */,
				FAB3726928568DAC00FB7E72 /* Release */,
			);
			defaultConfigurationIsVisible = 0;
			defaultConfigurationName = Release;
		};
		FAB3726A28568DAC00FB7E72 /* Build configuration list for PBXNativeTarget "My Card AppUITests" */ = {
			isa = XCConfigurationList;
			buildConfigurations = (
				FAB3726B28568DAC00FB7E72 /* Debug */,
				FAB3726C28568DAC00FB7E72 /* Release */,
			);
			defaultConfigurationIsVisible = 0;
			defaultConfigurationName = Release;
		};
/* End XCConfigurationList section */
	};
	rootObject = FAB3723828568DAA00FB7E72 /* Project object */;
}
